
Microsoft Visual Studio Solution File, Format Version 12.00
# Visual Studio Version 17
VisualStudioVersion = 17.3.32929.385
MinimumVisualStudioVersion = 10.0.40219.1
Project("{9A19103F-16F7-4668-BE54-9A1E7A4F7556}") = "RESTaurant", "RESTaurant\RESTaurant.csproj", "{8F8ACA74-6F73-4697-8320-D79C33D676D7}"
EndProject
Project("{9A19103F-16F7-4668-BE54-9A1E7A4F7556}") = "RESTaurantBL", "RESTaurant-BL\RESTaurantBL.csproj", "{A6A0A005-E8E4-4773-BF36-0D8C62EF6318}"
EndProject
Project("{9A19103F-16F7-4668-BE54-9A1E7A4F7556}") = "RESTaurantDLEF", "RESTaurant-DL\RESTaurantDLEF.csproj", "{A1462BA0-1EEE-4765-B941-BB15691F86B2}"
EndProject
Project("{2150E333-8FDC-42A3-9474-1A3956D46DE8}") = "TestApps", "TestApps", "{04817CD1-0F90-404E-9427-61632FAFEBCE}"
EndProject
Project("{9A19103F-16F7-4668-BE54-9A1E7A4F7556}") = "ConsoleAppEFModel", "ConsoleAppEFModel\ConsoleAppEFModel.csproj", "{7C7620BF-2857-48FF-9DA5-ABC9802A05E2}"
EndProject
Project("{9A19103F-16F7-4668-BE54-9A1E7A4F7556}") = "TestAppServiceRepo", "TestAppServiceRepo\TestAppServiceRepo.csproj", "{7B42D659-DD64-476F-A46D-553311F398B1}"
EndProject
Global
	GlobalSection(SolutionConfigurationPlatforms) = preSolution
		Debug|Any CPU = Debug|Any CPU
		Release|Any CPU = Release|Any CPU
	EndGlobalSection
	GlobalSection(ProjectConfigurationPlatforms) = postSolution
		{8F8ACA74-6F73-4697-8320-D79C33D676D7}.Debug|Any CPU.ActiveCfg = Debug|Any CPU
		{8F8ACA74-6F73-4697-8320-D79C33D676D7}.Debug|Any CPU.Build.0 = Debug|Any CPU
		{8F8ACA74-6F73-4697-8320-D79C33D676D7}.Release|Any CPU.ActiveCfg = Release|Any CPU
		{8F8ACA74-6F73-4697-8320-D79C33D676D7}.Release|Any CPU.Build.0 = Release|Any CPU
		{A6A0A005-E8E4-4773-BF36-0D8C62EF6318}.Debug|Any CPU.ActiveCfg = Debug|Any CPU
		{A6A0A005-E8E4-4773-BF36-0D8C62EF6318}.Debug|Any CPU.Build.0 = Debug|Any CPU
		{A6A0A005-E8E4-4773-BF36-0D8C62EF6318}.Release|Any CPU.ActiveCfg = Release|Any CPU
		{A6A0A005-E8E4-4773-BF36-0D8C62EF6318}.Release|Any CPU.Build.0 = Release|Any CPU
		{A1462BA0-1EEE-4765-B941-BB15691F86B2}.Debug|Any CPU.ActiveCfg = Debug|Any CPU
		{A1462BA0-1EEE-4765-B941-BB15691F86B2}.Debug|Any CPU.Build.0 = Debug|Any CPU
		{A1462BA0-1EEE-4765-B941-BB15691F86B2}.Release|Any CPU.ActiveCfg = Release|Any CPU
		{A1462BA0-1EEE-4765-B941-BB15691F86B2}.Release|Any CPU.Build.0 = Release|Any CPU
		{7C7620BF-2857-48FF-9DA5-ABC9802A05E2}.Debug|Any CPU.ActiveCfg = Debug|Any CPU
		{7C7620BF-2857-48FF-9DA5-ABC9802A05E2}.Debug|Any CPU.Build.0 = Debug|Any CPU
		{7C7620BF-2857-48FF-9DA5-ABC9802A05E2}.Release|Any CPU.ActiveCfg = Release|Any CPU
		{7C7620BF-2857-48FF-9DA5-ABC9802A05E2}.Release|Any CPU.Build.0 = Release|Any CPU
		{7B42D659-DD64-476F-A46D-553311F398B1}.Debug|Any CPU.ActiveCfg = Debug|Any CPU
		{7B42D659-DD64-476F-A46D-553311F398B1}.Debug|Any CPU.Build.0 = Debug|Any CPU
		{7B42D659-DD64-476F-A46D-553311F398B1}.Release|Any CPU.ActiveCfg = Release|Any CPU
		{7B42D659-DD64-476F-A46D-553311F398B1}.Release|Any CPU.Build.0 = Release|Any CPU
	EndGlobalSection
	GlobalSection(SolutionProperties) = preSolution
		HideSolutionNode = FALSE
	EndGlobalSection
	GlobalSection(NestedProjects) = preSolution
		{7C7620BF-2857-48FF-9DA5-ABC9802A05E2} = {04817CD1-0F90-404E-9427-61632FAFEBCE}
		{7B42D659-DD64-476F-A46D-553311F398B1} = {04817CD1-0F90-404E-9427-61632FAFEBCE}
	EndGlobalSection
	GlobalSection(ExtensibilityGlobals) = postSolution
		SolutionGuid = {E330335D-F5B8-4EB2-80C9-A92BF9EE5A1E}
	EndGlobalSection
EndGlobal
